
Microsoft Visual Studio Solution File, Format Version 12.00
# Visual Studio Version 16
VisualStudioVersion = 16.0.32228.343
MinimumVisualStudioVersion = 10.0.40219.1
Project("{FAE04EC0-301F-11D3-BF4B-00C04F79EFBC}") = "Assignment2WebApp", "Assignment2WebApp.csproj", "{58018AFE-92B4-4E19-BE30-1B85E35C9C89}"
EndProject
Global
	GlobalSection(SolutionConfigurationPlatforms) = preSolution
		Debug|Any CPU = Debug|Any CPU
		Release|Any CPU = Release|Any CPU
	EndGlobalSection
	GlobalSection(ProjectConfigurationPlatforms) = postSolution
		{58018AFE-92B4-4E19-BE30-1B85E35C9C89}.Debug|Any CPU.ActiveCfg = Debug|Any CPU
		{58018AFE-92B4-4E19-BE30-1B85E35C9C89}.Debug|Any CPU.Build.0 = Debug|Any CPU
		{58018AFE-92B4-4E19-BE30-1B85E35C9C89}.Release|Any CPU.ActiveCfg = Release|Any CPU
		{58018AFE-92B4-4E19-BE30-1B85E35C9C89}.Release|Any CPU.Build.0 = Release|Any CPU
	EndGlobalSection
	GlobalSection(SolutionProperties) = preSolution
		HideSolutionNode = FALSE
	EndGlobalSection
	GlobalSection(ExtensibilityGlobals) = postSolution
		SolutionGuid = {0BA4176A-3770-462B-A97B-5E783D5333AE}
	EndGlobalSection
EndGlobal
